
Microsoft Visual Studio Solution File, Format Version 12.00
# Visual Studio Version 17
VisualStudioVersion = 17.3.32819.101
MinimumVisualStudioVersion = 10.0.40219.1
Project("{9A19103F-16F7-4668-BE54-9A1E7A4F7556}") = "XInputSharp", "XInputSharp\XInputSharp.csproj", "{9BBAC9DA-FE46-4F10-A83B-C7C6E2BC913A}"
EndProject
Global
	GlobalSection(SolutionConfigurationPlatforms) = preSolution
		Debug|Any CPU = Debug|Any CPU
		Release|Any CPU = Release|Any CPU
	EndGlobalSection
	GlobalSection(ProjectConfigurationPlatforms) = postSolution
		{9BBAC9DA-FE46-4F10-A83B-C7C6E2BC913A}.Debug|Any CPU.ActiveCfg = Debug|Any CPU
		{9BBAC9DA-FE46-4F10-A83B-C7C6E2BC913A}.Debug|Any CPU.Build.0 = Debug|Any CPU
		{9BBAC9DA-FE46-4F10-A83B-C7C6E2BC913A}.Release|Any CPU.ActiveCfg = Release|Any CPU
		{9BBAC9DA-FE46-4F10-A83B-C7C6E2BC913A}.Release|Any CPU.Build.0 = Release|Any CPU
	EndGlobalSection
	GlobalSection(SolutionProperties) = preSolution
		HideSolutionNode = FALSE
	EndGlobalSection
	GlobalSection(ExtensibilityGlobals) = postSolution
		SolutionGuid = {D83C97CB-469E-4F17-BD5F-801626A69272}
	EndGlobalSection
EndGlobal
